
Microsoft Visual Studio Solution File, Format Version 12.00
# Visual Studio Version 17
VisualStudioVersion = 17.7.34031.279
MinimumVisualStudioVersion = 10.0.40219.1
Project("{9A19103F-16F7-4668-BE54-9A1E7A4F7556}") = "OC.Messaging", "OC.Messaging\OC.Messaging.csproj", "{C28FCF52-C2B5-4C44-B914-D6AE04DCC145}"
EndProject
Project("{2150E333-8FDC-42A3-9474-1A3956D46DE8}") = "Infra", "Infra", "{F562F292-619E-4185-8BAC-49697DC1DEA5}"
EndProject
Project("{2150E333-8FDC-42A3-9474-1A3956D46DE8}") = "Application", "Application", "{0B1BC2C9-FF9F-4127-8EBE-A22F465EA8BF}"
EndProject
Project("{9A19103F-16F7-4668-BE54-9A1E7A4F7556}") = "OC.Libraries", "OC.Libraries\OC.Libraries.csproj", "{4DD8503A-4092-4DEA-A4D2-C064D49F1B5B}"
EndProject
Project("{9A19103F-16F7-4668-BE54-9A1E7A4F7556}") = "OC.Validations", "OC.Validations\OC.Validations.csproj", "{9D542770-18F2-42FD-A810-BF0805B4E3A1}"
EndProject
Project("{9A19103F-16F7-4668-BE54-9A1E7A4F7556}") = "OC.Infra", "OC.Infra\OC.Infra.csproj", "{119707E1-B2E6-4D05-B87A-BE54EB9FA918}"
EndProject
Project("{2150E333-8FDC-42A3-9474-1A3956D46DE8}") = "Entities", "Entities", "{08C57734-06F1-4213-A66E-1EBE79415ECE}"
EndProject
Project("{9A19103F-16F7-4668-BE54-9A1E7A4F7556}") = "OC.Entities", "OC.Entities\OC.Entities.csproj", "{D7768EEC-EDE9-48F9-87CF-757E835253B6}"
EndProject
Project("{9A19103F-16F7-4668-BE54-9A1E7A4F7556}") = "OC.Application", "OC.Application\OC.Application.csproj", "{6B8A94AD-3643-48E3-86AB-0AFFF5926B3F}"
EndProject
Project("{2150E333-8FDC-42A3-9474-1A3956D46DE8}") = "Contracts", "Contracts", "{688E019B-4245-44A6-86F4-57C5395D31C5}"
EndProject
Project("{9A19103F-16F7-4668-BE54-9A1E7A4F7556}") = "OC.Contracts", "OC.Contracts\OC.Contracts.csproj", "{38C8A672-4142-47B9-AED6-6FF080D33683}"
EndProject
Global
	GlobalSection(SolutionConfigurationPlatforms) = preSolution
		Debug|Any CPU = Debug|Any CPU
		Release|Any CPU = Release|Any CPU
	EndGlobalSection
	GlobalSection(ProjectConfigurationPlatforms) = postSolution
		{C28FCF52-C2B5-4C44-B914-D6AE04DCC145}.Debug|Any CPU.ActiveCfg = Debug|Any CPU
		{C28FCF52-C2B5-4C44-B914-D6AE04DCC145}.Debug|Any CPU.Build.0 = Debug|Any CPU
		{C28FCF52-C2B5-4C44-B914-D6AE04DCC145}.Release|Any CPU.ActiveCfg = Release|Any CPU
		{C28FCF52-C2B5-4C44-B914-D6AE04DCC145}.Release|Any CPU.Build.0 = Release|Any CPU
		{4DD8503A-4092-4DEA-A4D2-C064D49F1B5B}.Debug|Any CPU.ActiveCfg = Debug|Any CPU
		{4DD8503A-4092-4DEA-A4D2-C064D49F1B5B}.Debug|Any CPU.Build.0 = Debug|Any CPU
		{4DD8503A-4092-4DEA-A4D2-C064D49F1B5B}.Release|Any CPU.ActiveCfg = Release|Any CPU
		{4DD8503A-4092-4DEA-A4D2-C064D49F1B5B}.Release|Any CPU.Build.0 = Release|Any CPU
		{9D542770-18F2-42FD-A810-BF0805B4E3A1}.Debug|Any CPU.ActiveCfg = Debug|Any CPU
		{9D542770-18F2-42FD-A810-BF0805B4E3A1}.Debug|Any CPU.Build.0 = Debug|Any CPU
		{9D542770-18F2-42FD-A810-BF0805B4E3A1}.Release|Any CPU.ActiveCfg = Release|Any CPU
		{9D542770-18F2-42FD-A810-BF0805B4E3A1}.Release|Any CPU.Build.0 = Release|Any CPU
		{119707E1-B2E6-4D05-B87A-BE54EB9FA918}.Debug|Any CPU.ActiveCfg = Debug|Any CPU
		{119707E1-B2E6-4D05-B87A-BE54EB9FA918}.Debug|Any CPU.Build.0 = Debug|Any CPU
		{119707E1-B2E6-4D05-B87A-BE54EB9FA918}.Release|Any CPU.ActiveCfg = Release|Any CPU
		{119707E1-B2E6-4D05-B87A-BE54EB9FA918}.Release|Any CPU.Build.0 = Release|Any CPU
		{D7768EEC-EDE9-48F9-87CF-757E835253B6}.Debug|Any CPU.ActiveCfg = Debug|Any CPU
		{D7768EEC-EDE9-48F9-87CF-757E835253B6}.Debug|Any CPU.Build.0 = Debug|Any CPU
		{D7768EEC-EDE9-48F9-87CF-757E835253B6}.Release|Any CPU.ActiveCfg = Release|Any CPU
		{D7768EEC-EDE9-48F9-87CF-757E835253B6}.Release|Any CPU.Build.0 = Release|Any CPU
		{6B8A94AD-3643-48E3-86AB-0AFFF5926B3F}.Debug|Any CPU.ActiveCfg = Debug|Any CPU
		{6B8A94AD-3643-48E3-86AB-0AFFF5926B3F}.Debug|Any CPU.Build.0 = Debug|Any CPU
		{6B8A94AD-3643-48E3-86AB-0AFFF5926B3F}.Release|Any CPU.ActiveCfg = Release|Any CPU
		{6B8A94AD-3643-48E3-86AB-0AFFF5926B3F}.Release|Any CPU.Build.0 = Release|Any CPU
		{38C8A672-4142-47B9-AED6-6FF080D33683}.Debug|Any CPU.ActiveCfg = Debug|Any CPU
		{38C8A672-4142-47B9-AED6-6FF080D33683}.Debug|Any CPU.Build.0 = Debug|Any CPU
		{38C8A672-4142-47B9-AED6-6FF080D33683}.Release|Any CPU.ActiveCfg = Release|Any CPU
		{38C8A672-4142-47B9-AED6-6FF080D33683}.Release|Any CPU.Build.0 = Release|Any CPU
	EndGlobalSection
	GlobalSection(SolutionProperties) = preSolution
		HideSolutionNode = FALSE
	EndGlobalSection
	GlobalSection(NestedProjects) = preSolution
		{4DD8503A-4092-4DEA-A4D2-C064D49F1B5B} = {0B1BC2C9-FF9F-4127-8EBE-A22F465EA8BF}
		{9D542770-18F2-42FD-A810-BF0805B4E3A1} = {0B1BC2C9-FF9F-4127-8EBE-A22F465EA8BF}
		{119707E1-B2E6-4D05-B87A-BE54EB9FA918} = {F562F292-619E-4185-8BAC-49697DC1DEA5}
		{D7768EEC-EDE9-48F9-87CF-757E835253B6} = {08C57734-06F1-4213-A66E-1EBE79415ECE}
		{6B8A94AD-3643-48E3-86AB-0AFFF5926B3F} = {0B1BC2C9-FF9F-4127-8EBE-A22F465EA8BF}
		{38C8A672-4142-47B9-AED6-6FF080D33683} = {688E019B-4245-44A6-86F4-57C5395D31C5}
	EndGlobalSection
	GlobalSection(ExtensibilityGlobals) = postSolution
		SolutionGuid = {B2D58E3C-1F41-4733-9E78-DF47795E9A28}
	EndGlobalSection
EndGlobal
